// !$*UTF8*$!
{
	archiveVersion = 1;
	classes = {
	};
	objectVersion = 46;
	objects = {

/* Begin PBXBuildFile section */
		0A3B3BC3196B1EA80009CE65 /* Player.m in Sources */ = {isa = PBXBuildFile; fileRef = 0A3B3BC2196B1EA80009CE65 /* Player.m */; };
		0AB05F26196B12A200C06644 /* Foundation.framework in Frameworks */ = {isa = PBXBuildFile; fileRef = 0AB05F25196B12A200C06644 /* Foundation.framework */; };
		0AB05F28196B12A200C06644 /* CoreGraphics.framework in Frameworks */ = {isa = PBXBuildFile; fileRef = 0AB05F27196B12A200C06644 /* CoreGraphics.framework */; };
		0AB05F2A196B12A200C06644 /* UIKit.framework in Frameworks */ = {isa = PBXBuildFile; fileRef = 0AB05F29196B12A200C06644 /* UIKit.framework */; };
		0AB05F30196B12A200C06644 /* InfoPlist.strings in Resources */ = {isa = PBXBuildFile; fileRef = 0AB05F2E196B12A200C06644 /* InfoPlist.strings */; };
		0AB05F32196B12A200C06644 /* main.m in Sources */ = {isa = PBXBuildFile; fileRef = 0AB05F31196B12A200C06644 /* main.m */; };
		0AB05F36196B12A200C06644 /* AppDelegate.m in Sources */ = {isa = PBXBuildFile; fileRef = 0AB05F35196B12A200C06644 /* AppDelegate.m */; };
		0AB05F39196B12A200C06644 /* Main.storyboard in Resources */ = {isa = PBXBuildFile; fileRef = 0AB05F37196B12A200C06644 /* Main.storyboard */; };
		0AB05F3C196B12A200C06644 /* ViewController.m in Sources */ = {isa = PBXBuildFile; fileRef = 0AB05F3B196B12A200C06644 /* ViewController.m */; };
		0AB05F3E196B12A200C06644 /* Images.xcassets in Resources */ = {isa = PBXBuildFile; fileRef = 0AB05F3D196B12A200C06644 /* Images.xcassets */; };
		0AB05F45196B12A200C06644 /* XCTest.framework in Frameworks */ = {isa = PBXBuildFile; fileRef = 0AB05F44196B12A200C06644 /* XCTest.framework */; };
		0AB05F46196B12A200C06644 /* Foundation.framework in Frameworks */ = {isa = PBXBuildFile; fileRef = 0AB05F25196B12A200C06644 /* Foundation.framework */; };
		0AB05F47196B12A200C06644 /* UIKit.framework in Frameworks */ = {isa = PBXBuildFile; fileRef = 0AB05F29196B12A200C06644 /* UIKit.framework */; };
		0AB05F4F196B12A200C06644 /* InfoPlist.strings in Resources */ = {isa = PBXBuildFile; fileRef = 0AB05F4D196B12A200C06644 /* InfoPlist.strings */; };
		0AB05F51196B12A200C06644 /* Black___WhiteTests.m in Sources */ = {isa = PBXBuildFile; fileRef = 0AB05F50196B12A200C06644 /* Black___WhiteTests.m */; };
		0AB05F5B196B12F100C06644 /* CoreMotion.framework in Frameworks */ = {isa = PBXBuildFile; fileRef = 0AB05F5A196B12F100C06644 /* CoreMotion.framework */; };
		0AB05F5D196B132000C06644 /* blackCircle.png in Resources */ = {isa = PBXBuildFile; fileRef = 0AB05F5C196B132000C06644 /* blackCircle.png */; };
		0AF4662A196B4A2C00A3772A /* blackTri.png in Resources */ = {isa = PBXBuildFile; fileRef = 0AF46629196B4A2C00A3772A /* blackTri.png */; };
/* End PBXBuildFile section */

/* Begin PBXContainerItemProxy section */
		0AB05F48196B12A200C06644 /* PBXContainerItemProxy */ = {
			isa = PBXContainerItemProxy;
			containerPortal = 0AB05F1A196B12A200C06644 /* Project object */;
			proxyType = 1;
			remoteGlobalIDString = 0AB05F21196B12A200C06644;
			remoteInfo = "Black & White";
		};
/* End PBXContainerItemProxy section */

/* Begin PBXFileReference section */
		0A3B3BC1196B1EA80009CE65 /* Player.h */ = {isa = PBXFileReference; fileEncoding = 4; lastKnownFileType = sourcecode.c.h; path = Player.h; sourceTree = "<group>"; };
		0A3B3BC2196B1EA80009CE65 /* Player.m */ = {isa = PBXFileReference; fileEncoding = 4; lastKnownFileType = sourcecode.c.objc; path = Player.m; sourceTree = "<group>"; };
		0AB05F22196B12A200C06644 /* Black & White.app */ = {isa = PBXFileReference; explicitFileType = wrapper.application; includeInIndex = 0; path = "Black & White.app"; sourceTree = BUILT_PRODUCTS_DIR; };
		0AB05F25196B12A200C06644 /* Foundation.framework */ = {isa = PBXFileReference; lastKnownFileType = wrapper.framework; name = Foundation.framework; path = System/Library/Frameworks/Foundation.framework; sourceTree = SDKROOT; };
		0AB05F27196B12A200C06644 /* CoreGraphics.framework */ = {isa = PBXFileReference; lastKnownFileType = wrapper.framework; name = CoreGraphics.framework; path = System/Library/Frameworks/CoreGraphics.framework; sourceTree = SDKROOT; };
		0AB05F29196B12A200C06644 /* UIKit.framework */ = {isa = PBXFileReference; lastKnownFileType = wrapper.framework; name = UIKit.framework; path = System/Library/Frameworks/UIKit.framework; sourceTree = SDKROOT; };
		0AB05F2D196B12A200C06644 /* Black & White-Info.plist */ = {isa = PBXFileReference; lastKnownFileType = text.plist.xml; path = "Black & White-Info.plist"; sourceTree = "<group>"; };
		0AB05F2F196B12A200C06644 /* en */ = {isa = PBXFileReference; lastKnownFileType = text.plist.strings; name = en; path = en.lproj/InfoPlist.strings; sourceTree = "<group>"; };
		0AB05F31196B12A200C06644 /* main.m */ = {isa = PBXFileReference; lastKnownFileType = sourcecode.c.objc; path = main.m; sourceTree = "<group>"; };
		0AB05F33196B12A200C06644 /* Black & White-Prefix.pch */ = {isa = PBXFileReference; lastKnownFileType = sourcecode.c.h; path = "Black & White-Prefix.pch"; sourceTree = "<group>"; };
		0AB05F34196B12A200C06644 /* AppDelegate.h */ = {isa = PBXFileReference; lastKnownFileType = sourcecode.c.h; path = AppDelegate.h; sourceTree = "<group>"; };
		0AB05F35196B12A200C06644 /* AppDelegate.m */ = {isa = PBXFileReference; lastKnownFileType = sourcecode.c.objc; path = AppDelegate.m; sourceTree = "<group>"; };
		0AB05F38196B12A200C06644 /* Base */ = {isa = PBXFileReference; lastKnownFileType = file.storyboard; name = Base; path = Base.lproj/Main.storyboard; sourceTree = "<group>"; };
		0AB05F3A196B12A200C06644 /* ViewController.h */ = {isa = PBXFileReference; lastKnownFileType = sourcecode.c.h; path = ViewController.h; sourceTree = "<group>"; };
		0AB05F3B196B12A200C06644 /* ViewController.m */ = {isa = PBXFileReference; lastKnownFileType = sourcecode.c.objc; path = ViewController.m; sourceTree = "<group>"; };
		0AB05F3D196B12A200C06644 /* Images.xcassets */ = {isa = PBXFileReference; lastKnownFileType = folder.assetcatalog; path = Images.xcassets; sourceTree = "<group>"; };
		0AB05F43196B12A200C06644 /* Black & WhiteTests.xctest */ = {isa = PBXFileReference; explicitFileType = wrapper.cfbundle; includeInIndex = 0; path = "Black & WhiteTests.xctest"; sourceTree = BUILT_PRODUCTS_DIR; };
		0AB05F44196B12A200C06644 /* XCTest.framework */ = {isa = PBXFileReference; lastKnownFileType = wrapper.framework; name = XCTest.framework; path = Library/Frameworks/XCTest.framework; sourceTree = DEVELOPER_DIR; };
		0AB05F4C196B12A200C06644 /* Black & WhiteTests-Info.plist */ = {isa = PBXFileReference; lastKnownFileType = text.plist.xml; path = "Black & WhiteTests-Info.plist"; sourceTree = "<group>"; };
		0AB05F4E196B12A200C06644 /* en */ = {isa = PBXFileReference; lastKnownFileType = text.plist.strings; name = en; path = en.lproj/InfoPlist.strings; sourceTree = "<group>"; };
		0AB05F50196B12A200C06644 /* Black___WhiteTests.m */ = {isa = PBXFileReference; lastKnownFileType = sourcecode.c.objc; path = "Black___WhiteTests.m"; sourceTree = "<group>"; };
		0AB05F5A196B12F100C06644 /* CoreMotion.framework */ = {isa = PBXFileReference; lastKnownFileType = wrapper.framework; name = CoreMotion.framework; path = System/Library/Frameworks/CoreMotion.framework; sourceTree = SDKROOT; };
		0AB05F5C196B132000C06644 /* blackCircle.png */ = {isa = PBXFileReference; lastKnownFileType = image.png; path = blackCircle.png; sourceTree = "<group>"; };
		0AF46629196B4A2C00A3772A /* blackTri.png */ = {isa = PBXFileReference; lastKnownFileType = image.png; path = blackTri.png; sourceTree = "<group>"; };
/* End PBXFileReference section */

/* Begin PBXFrameworksBuildPhase section */
		0AB05F1F196B12A200C06644 /* Frameworks */ = {
			isa = PBXFrameworksBuildPhase;
			buildActionMask = 2147483647;
			files = (
				0AB05F5B196B12F100C06644 /* CoreMotion.framework in Frameworks */,
				0AB05F28196B12A200C06644 /* CoreGraphics.framework in Frameworks */,
				0AB05F2A196B12A200C06644 /* UIKit.framework in Frameworks */,
				0AB05F26196B12A200C06644 /* Foundation.framework in Frameworks */,
			);
			runOnlyForDeploymentPostprocessing = 0;
		};
		0AB05F40196B12A200C06644 /* Frameworks */ = {
			isa = PBXFrameworksBuildPhase;
			buildActionMask = 2147483647;
			files = (
				0AB05F45196B12A200C06644 /* XCTest.framework in Frameworks */,
				0AB05F47196B12A200C06644 /* UIKit.framework in Frameworks */,
				0AB05F46196B12A200C06644 /* Foundation.framework in Frameworks */,
			);
			runOnlyForDeploymentPostprocessing = 0;
		};
/* End PBXFrameworksBuildPhase section */

/* Begin PBXGroup section */
		0AB05F19196B12A200C06644 = {
			isa = PBXGroup;
			children = (
				0AB05F2B196B12A200C06644 /* Black & White */,
				0AB05F4A196B12A200C06644 /* Black & WhiteTests */,
				0AB05F24196B12A200C06644 /* Frameworks */,
				0AB05F23196B12A200C06644 /* Products */,
			);
			sourceTree = "<group>";
		};
		0AB05F23196B12A200C06644 /* Products */ = {
			isa = PBXGroup;
			children = (
				0AB05F22196B12A200C06644 /* Black & White.app */,
				0AB05F43196B12A200C06644 /* Black & WhiteTests.xctest */,
			);
			name = Products;
			sourceTree = "<group>";
		};
		0AB05F24196B12A200C06644 /* Frameworks */ = {
			isa = PBXGroup;
			children = (
				0AB05F5A196B12F100C06644 /* CoreMotion.framework */,
				0AB05F25196B12A200C06644 /* Foundation.framework */,
				0AB05F27196B12A200C06644 /* CoreGraphics.framework */,
				0AB05F29196B12A200C06644 /* UIKit.framework */,
				0AB05F44196B12A200C06644 /* XCTest.framework */,
			);
			name = Frameworks;
			sourceTree = "<group>";
		};
		0AB05F2B196B12A200C06644 /* Black & White */ = {
			isa = PBXGroup;
			children = (
				0AB05F34196B12A200C06644 /* AppDelegate.h */,
				0AB05F35196B12A200C06644 /* AppDelegate.m */,
				0AB05F37196B12A200C06644 /* Main.storyboard */,
				0AB05F3A196B12A200C06644 /* ViewController.h */,
				0AB05F3B196B12A200C06644 /* ViewController.m */,
				0A3B3BC1196B1EA80009CE65 /* Player.h */,
				0A3B3BC2196B1EA80009CE65 /* Player.m */,
				0AB05F3D196B12A200C06644 /* Images.xcassets */,
				0AB05F2C196B12A200C06644 /* Supporting Files */,
			);
			path = "Black & White";
			sourceTree = "<group>";
		};
		0AB05F2C196B12A200C06644 /* Supporting Files */ = {
			isa = PBXGroup;
			children = (
				0AF46629196B4A2C00A3772A /* blackTri.png */,
				0AB05F5C196B132000C06644 /* blackCircle.png */,
				0AB05F2D196B12A200C06644 /* Black & White-Info.plist */,
				0AB05F2E196B12A200C06644 /* InfoPlist.strings */,
				0AB05F31196B12A200C06644 /* main.m */,
				0AB05F33196B12A200C06644 /* Black & White-Prefix.pch */,
			);
			name = "Supporting Files";
			sourceTree = "<group>";
		};
		0AB05F4A196B12A200C06644 /* Black & WhiteTests */ = {
			isa = PBXGroup;
			children = (
				0AB05F50196B12A200C06644 /* Black___WhiteTests.m */,
				0AB05F4B196B12A200C06644 /* Supporting Files */,
			);
			path = "Black & WhiteTests";
			sourceTree = "<group>";
		};
		0AB05F4B196B12A200C06644 /* Supporting Files */ = {
			isa = PBXGroup;
			children = (
				0AB05F4C196B12A200C06644 /* Black & WhiteTests-Info.plist */,
				0AB05F4D196B12A200C06644 /* InfoPlist.strings */,
			);
			name = "Supporting Files";
			sourceTree = "<group>";
		};
/* End PBXGroup section */

/* Begin PBXNativeTarget section */
		0AB05F21196B12A200C06644 /* Black & White */ = {
			isa = PBXNativeTarget;
			buildConfigurationList = 0AB05F54196B12A200C06644 /* Build configuration list for PBXNativeTarget "Black & White" */;
			buildPhases = (
				0AB05F1E196B12A200C06644 /* Sources */,
				0AB05F1F196B12A200C06644 /* Frameworks */,
				0AB05F20196B12A200C06644 /* Resources */,
			);
			buildRules = (
			);
			dependencies = (
			);
			name = "Black & White";
			productName = "Black & White";
			productReference = 0AB05F22196B12A200C06644 /* Black & White.app */;
			productType = "com.apple.product-type.application";
		};
		0AB05F42196B12A200C06644 /* Black & WhiteTests */ = {
			isa = PBXNativeTarget;
			buildConfigurationList = 0AB05F57196B12A200C06644 /* Build configuration list for PBXNativeTarget "Black & WhiteTests" */;
			buildPhases = (
				0AB05F3F196B12A200C06644 /* Sources */,
				0AB05F40196B12A200C06644 /* Frameworks */,
				0AB05F41196B12A200C06644 /* Resources */,
			);
			buildRules = (
			);
			dependencies = (
				0AB05F49196B12A200C06644 /* PBXTargetDependency */,
			);
			name = "Black & WhiteTests";
			productName = "Black & WhiteTests";
			productReference = 0AB05F43196B12A200C06644 /* Black & WhiteTests.xctest */;
			productType = "com.apple.product-type.bundle.unit-test";
		};
/* End PBXNativeTarget section */

/* Begin PBXProject section */
		0AB05F1A196B12A200C06644 /* Project object */ = {
			isa = PBXProject;
			attributes = {
				LastUpgradeCheck = 0510;
				ORGANIZATIONNAME = "KSu Collective";
				TargetAttributes = {
					0AB05F42196B12A200C06644 = {
						TestTargetID = 0AB05F21196B12A200C06644;
					};
				};
			};
			buildConfigurationList = 0AB05F1D196B12A200C06644 /* Build configuration list for PBXProject "Black & White" */;
			compatibilityVersion = "Xcode 3.2";
			developmentRegion = English;
			hasScannedForEncodings = 0;
			knownRegions = (
				en,
				Base,
			);
			mainGroup = 0AB05F19196B12A200C06644;
			productRefGroup = 0AB05F23196B12A200C06644 /* Products */;
			projectDirPath = "";
			projectRoot = "";
			targets = (
				0AB05F21196B12A200C06644 /* Black & White */,
				0AB05F42196B12A200C06644 /* Black & WhiteTests */,
			);
		};
/* End PBXProject section */

/* Begin PBXResourcesBuildPhase section */
		0AB05F20196B12A200C06644 /* Resources */ = {
			isa = PBXResourcesBuildPhase;
			buildActionMask = 2147483647;
			files = (
				0AB05F3E196B12A200C06644 /* Images.xcassets in Resources */,
				0AB05F5D196B132000C06644 /* blackCircle.png in Resources */,
				0AB05F30196B12A200C06644 /* InfoPlist.strings in Resources */,
				0AF4662A196B4A2C00A3772A /* blackTri.png in Resources */,
				0AB05F39196B12A200C06644 /* Main.storyboard in Resources */,
			);
			runOnlyForDeploymentPostprocessing = 0;
		};
		0AB05F41196B12A200C06644 /* Resources */ = {
			isa = PBXResourcesBuildPhase;
			buildActionMask = 2147483647;
			files = (
				0AB05F4F196B12A200C06644 /* InfoPlist.strings in Resources */,
			);
			runOnlyForDeploymentPostprocessing = 0;
		};
/* End PBXResourcesBuildPhase section */

/* Begin PBXSourcesBuildPhase section */
		0AB05F1E196B12A200C06644 /* Sources */ = {
			isa = PBXSourcesBuildPhase;
			buildActionMask = 2147483647;
			files = (
				0A3B3BC3196B1EA80009CE65 /* Player.m in Sources */,
				0AB05F3C196B12A200C06644 /* ViewController.m in Sources */,
				0AB05F36196B12A200C06644 /* AppDelegate.m in Sources */,
				0AB05F32196B12A200C06644 /* main.m in Sources */,
			);
			runOnlyForDeploymentPostprocessing = 0;
		};
		0AB05F3F196B12A200C06644 /* Sources */ = {
			isa = PBXSourcesBuildPhase;
			buildActionMask = 2147483647;
			files = (
				0AB05F51196B12A200C06644 /* Black___WhiteTests.m in Sources */,
			);
			runOnlyForDeploymentPostprocessing = 0;
		};
/* End PBXSourcesBuildPhase section */

/* Begin PBXTargetDependency section */
		0AB05F49196B12A200C06644 /* PBXTargetDependency */ = {
			isa = PBXTargetDependency;
			target = 0AB05F21196B12A200C06644 /* Black & White */;
			targetProxy = 0AB05F48196B12A200C06644 /* PBXContainerItemProxy */;
		};
/* End PBXTargetDependency section */

/* Begin PBXVariantGroup section */
		0AB05F2E196B12A200C06644 /* InfoPlist.strings */ = {
			isa = PBXVariantGroup;
			children = (
				0AB05F2F196B12A200C06644 /* en */,
			);
			name = InfoPlist.strings;
			sourceTree = "<group>";
		};
		0AB05F37196B12A200C06644 /* Main.storyboard */ = {
			isa = PBXVariantGroup;
			children = (
				0AB05F38196B12A200C06644 /* Base */,
			);
			name = Main.storyboard;
			sourceTree = "<group>";
		};
		0AB05F4D196B12A200C06644 /* InfoPlist.strings */ = {
			isa = PBXVariantGroup;
			children = (
				0AB05F4E196B12A200C06644 /* en */,
			);
			name = InfoPlist.strings;
			sourceTree = "<group>";
		};
/* End PBXVariantGroup section */

/* Begin XCBuildConfiguration section */
		0AB05F52196B12A200C06644 /* Debug */ = {
			isa = XCBuildConfiguration;
			buildSettings = {
				ALWAYS_SEARCH_USER_PATHS = NO;
				CLANG_CXX_LANGUAGE_STANDARD = "gnu++0x";
				CLANG_CXX_LIBRARY = "libc++";
				CLANG_ENABLE_MODULES = YES;
				CLANG_ENABLE_OBJC_ARC = YES;
				CLANG_WARN_BOOL_CONVERSION = YES;
				CLANG_WARN_CONSTANT_CONVERSION = YES;
				CLANG_WARN_DIRECT_OBJC_ISA_USAGE = YES_ERROR;
				CLANG_WARN_EMPTY_BODY = YES;
				CLANG_WARN_ENUM_CONVERSION = YES;
				CLANG_WARN_INT_CONVERSION = YES;
				CLANG_WARN_OBJC_ROOT_CLASS = YES_ERROR;
				CLANG_WARN__DUPLICATE_METHOD_MATCH = YES;
				"CODE_SIGN_IDENTITY[sdk=iphoneos*]" = "iPhone Developer";
				COPY_PHASE_STRIP = NO;
				GCC_C_LANGUAGE_STANDARD = gnu99;
				GCC_DYNAMIC_NO_PIC = NO;
				GCC_OPTIMIZATION_LEVEL = 0;
				GCC_PREPROCESSOR_DEFINITIONS = (
					"DEBUG=1",
					"$(inherited)",
				);
				GCC_SYMBOLS_PRIVATE_EXTERN = NO;
				GCC_WARN_64_TO_32_BIT_CONVERSION = YES;
				GCC_WARN_ABOUT_RETURN_TYPE = YES_ERROR;
				GCC_WARN_UNDECLARED_SELECTOR = YES;
				GCC_WARN_UNINITIALIZED_AUTOS = YES_AGGRESSIVE;
				GCC_WARN_UNUSED_FUNCTION = YES;
				GCC_WARN_UNUSED_VARIABLE = YES;
				IPHONEOS_DEPLOYMENT_TARGET = 7.1;
				ONLY_ACTIVE_ARCH = YES;
				SDKROOT = iphoneos;
			};
			name = Debug;
		};
		0AB05F53196B12A200C06644 /* Release */ = {
			isa = XCBuildConfiguration;
			buildSettings = {
				ALWAYS_SEARCH_USER_PATHS = NO;
				CLANG_CXX_LANGUAGE_STANDARD = "gnu++0x";
				CLANG_CXX_LIBRARY = "libc++";
				CLANG_ENABLE_MODULES = YES;
				CLANG_ENABLE_OBJC_ARC = YES;
				CLANG_WARN_BOOL_CONVERSION = YES;
				CLANG_WARN_CONSTANT_CONVERSION = YES;
				CLANG_WARN_DIRECT_OBJC_ISA_USAGE = YES_ERROR;
				CLANG_WARN_EMPTY_BODY = YES;
				CLANG_WARN_ENUM_CONVERSION = YES;
				CLANG_WARN_INT_CONVERSION = YES;
				CLANG_WARN_OBJC_ROOT_CLASS = YES_ERROR;
				CLANG_WARN__DUPLICATE_METHOD_MATCH = YES;
				"CODE_SIGN_IDENTITY[sdk=iphoneos*]" = "iPhone Developer";
				COPY_PHASE_STRIP = YES;
				ENABLE_NS_ASSERTIONS = NO;
				GCC_C_LANGUAGE_STANDARD = gnu99;
				GCC_WARN_64_TO_32_BIT_CONVERSION = YES;
				GCC_WARN_ABOUT_RETURN_TYPE = YES_ERROR;
				GCC_WARN_UNDECLARED_SELECTOR = YES;
				GCC_WARN_UNINITIALIZED_AUTOS = YES_AGGRESSIVE;
				GCC_WARN_UNUSED_FUNCTION = YES;
				GCC_WARN_UNUSED_VARIABLE = YES;
				IPHONEOS_DEPLOYMENT_TARGET = 7.1;
				SDKROOT = iphoneos;
				VALIDATE_PRODUCT = YES;
			};
			name = Release;
		};
		0AB05F55196B12A200C06644 /* Debug */ = {
			isa = XCBuildConfiguration;
			buildSettings = {
				ASSETCATALOG_COMPILER_APPICON_NAME = AppIcon;
				ASSETCATALOG_COMPILER_LAUNCHIMAGE_NAME = LaunchImage;
				GCC_PRECOMPILE_PREFIX_HEADER = YES;
				GCC_PREFIX_HEADER = "Black & White/Black & White-Prefix.pch";
				INFOPLIST_FILE = "Black & White/Black & White-Info.plist";
				PRODUCT_NAME = "$(TARGET_NAME)";
				WRAPPER_EXTENSION = app;
			};
			name = Debug;
		};
		0AB05F56196B12A200C06644 /* Release */ = {
			isa = XCBuildConfiguration;
			buildSettings = {
				ASSETCATALOG_COMPILER_APPICON_NAME = AppIcon;
				ASSETCATALOG_COMPILER_LAUNCHIMAGE_NAME = LaunchImage;
				GCC_PRECOMPILE_PREFIX_HEADER = YES;
				GCC_PREFIX_HEADER = "Black & White/Black & White-Prefix.pch";
				INFOPLIST_FILE = "Black & White/Black & White-Info.plist";
				PRODUCT_NAME = "$(TARGET_NAME)";
				WRAPPER_EXTENSION = app;
			};
			name = Release;
		};
		0AB05F58196B12A200C06644 /* Debug */ = {
			isa = XCBuildConfiguration;
			buildSettings = {
				BUNDLE_LOADER = "$(BUILT_PRODUCTS_DIR)/Black & White.app/Black & White";
				FRAMEWORK_SEARCH_PATHS = (
					"$(SDKROOT)/Developer/Library/Frameworks",
					"$(inherited)",
					"$(DEVELOPER_FRAMEWORKS_DIR)",
				);
				GCC_PRECOMPILE_PREFIX_HEADER = YES;
				GCC_PREFIX_HEADER = "Black & White/Black & White-Prefix.pch";
				GCC_PREPROCESSOR_DEFINITIONS = (
					"DEBUG=1",
					"$(inherited)",
				);
				INFOPLIST_FILE = "Black & WhiteTests/Black & WhiteTests-Info.plist";
				PRODUCT_NAME = "$(TARGET_NAME)";
				TEST_HOST = "$(BUNDLE_LOADER)";
				WRAPPER_EXTENSION = xctest;
			};
			name = Debug;
		};
		0AB05F59196B12A200C06644 /* Release */ = {
			isa = XCBuildConfiguration;
			buildSettings = {
				BUNDLE_LOADER = "$(BUILT_PRODUCTS_DIR)/Black & White.app/Black & White";
				FRAMEWORK_SEARCH_PATHS = (
					"$(SDKROOT)/Developer/Library/Frameworks",
					"$(inherited)",
					"$(DEVELOPER_FRAMEWORKS_DIR)",
				);
				GCC_PRECOMPILE_PREFIX_HEADER = YES;
				GCC_PREFIX_HEADER = "Black & White/Black & White-Prefix.pch";
				INFOPLIST_FILE = "Black & WhiteTests/Black & WhiteTests-Info.plist";
				PRODUCT_NAME = "$(TARGET_NAME)";
				TEST_HOST = "$(BUNDLE_LOADER)";
				WRAPPER_EXTENSION = xctest;
			};
			name = Release;
		};
/* End XCBuildConfiguration section */

/* Begin XCConfigurationList section */
		0AB05F1D196B12A200C06644 /* Build configuration list for PBXProject "Black & White" */ = {
			isa = XCConfigurationList;
			buildConfigurations = (
				0AB05F52196B12A200C06644 /* Debug */,
				0AB05F53196B12A200C06644 /* Release */,
			);
			defaultConfigurationIsVisible = 0;
			defaultConfigurationName = Release;
		};
		0AB05F54196B12A200C06644 /* Build configuration list for PBXNativeTarget "Black & White" */ = {
			isa = XCConfigurationList;
			buildConfigurations = (
				0AB05F55196B12A200C06644 /* Debug */,
				0AB05F56196B12A200C06644 /* Release */,
			);
			defaultConfigurationIsVisible = 0;
			defaultConfigurationName = Release;
		};
		0AB05F57196B12A200C06644 /* Build configuration list for PBXNativeTarget "Black & WhiteTests" */ = {
			isa = XCConfigurationList;
			buildConfigurations = (
				0AB05F58196B12A200C06644 /* Debug */,
				0AB05F59196B12A200C06644 /* Release */,
			);
			defaultConfigurationIsVisible = 0;
			defaultConfigurationName = Release;
		};
/* End XCConfigurationList section */
	};
	rootObject = 0AB05F1A196B12A200C06644 /* Project object */;
}
